
Microsoft Visual Studio Solution File, Format Version 12.00
# Visual Studio 15
VisualStudioVersion = 15.0.28010.2036
MinimumVisualStudioVersion = 10.0.40219.1
Project("{FAE04EC0-301F-11D3-BF4B-00C04F79EFBC}") = "SiviewLogLoader", "SiviewLogLoader\SiviewLogLoader.csproj", "{F7EC1897-DC55-48E1-AA4F-3A76C6F56F6E}"
EndProject
Global
	GlobalSection(SolutionConfigurationPlatforms) = preSolution
		Debug|Any CPU = Debug|Any CPU
		Release|Any CPU = Release|Any CPU
	EndGlobalSection
	GlobalSection(ProjectConfigurationPlatforms) = postSolution
		{F7EC1897-DC55-48E1-AA4F-3A76C6F56F6E}.Debug|Any CPU.ActiveCfg = Debug|Any CPU
		{F7EC1897-DC55-48E1-AA4F-3A76C6F56F6E}.Debug|Any CPU.Build.0 = Debug|Any CPU
		{F7EC1897-DC55-48E1-AA4F-3A76C6F56F6E}.Release|Any CPU.ActiveCfg = Release|Any CPU
		{F7EC1897-DC55-48E1-AA4F-3A76C6F56F6E}.Release|Any CPU.Build.0 = Release|Any CPU
	EndGlobalSection
	GlobalSection(SolutionProperties) = preSolution
		HideSolutionNode = FALSE
	EndGlobalSection
	GlobalSection(ExtensibilityGlobals) = postSolution
		SolutionGuid = {78493211-7652-4C5C-B3EE-AC1A0C329F0F}
	EndGlobalSection
EndGlobal
