
Microsoft Visual Studio Solution File, Format Version 12.00
# Visual Studio 15
VisualStudioVersion = 15.0.27703.2042
MinimumVisualStudioVersion = 10.0.40219.1
Project("{FAE04EC0-301F-11D3-BF4B-00C04F79EFBC}") = "AMSDCMDataTranslator", "AMSDCMDataTranslator\AMSDCMDataTranslator.csproj", "{FCFF45D2-880B-441B-8827-F082473816F0}"
EndProject
Project("{FAE04EC0-301F-11D3-BF4B-00C04F79EFBC}") = "TestConsoleProject", "TestConsoleProject\TestConsoleProject.csproj", "{2CC7A5BD-6267-4956-80C5-01C5CA696B49}"
EndProject
Project("{FAE04EC0-301F-11D3-BF4B-00C04F79EFBC}") = "AMSTranslatorService", "AMSTranslatorService\AMSTranslatorService.csproj", "{A5C665C7-4294-4F5C-AF52-EDB87BA1C2B4}"
EndProject
Project("{FAE04EC0-301F-11D3-BF4B-00C04F79EFBC}") = "WindowsService1", "WindowsService1\WindowsService1.csproj", "{C69E2EF9-1222-4DE4-A997-6AA72A03795D}"
EndProject
Global
	GlobalSection(SolutionConfigurationPlatforms) = preSolution
		Debug|Any CPU = Debug|Any CPU
		Release|Any CPU = Release|Any CPU
	EndGlobalSection
	GlobalSection(ProjectConfigurationPlatforms) = postSolution
		{FCFF45D2-880B-441B-8827-F082473816F0}.Debug|Any CPU.ActiveCfg = Debug|Any CPU
		{FCFF45D2-880B-441B-8827-F082473816F0}.Debug|Any CPU.Build.0 = Debug|Any CPU
		{FCFF45D2-880B-441B-8827-F082473816F0}.Release|Any CPU.ActiveCfg = Release|Any CPU
		{FCFF45D2-880B-441B-8827-F082473816F0}.Release|Any CPU.Build.0 = Release|Any CPU
		{2CC7A5BD-6267-4956-80C5-01C5CA696B49}.Debug|Any CPU.ActiveCfg = Debug|Any CPU
		{2CC7A5BD-6267-4956-80C5-01C5CA696B49}.Debug|Any CPU.Build.0 = Debug|Any CPU
		{2CC7A5BD-6267-4956-80C5-01C5CA696B49}.Release|Any CPU.ActiveCfg = Release|Any CPU
		{2CC7A5BD-6267-4956-80C5-01C5CA696B49}.Release|Any CPU.Build.0 = Release|Any CPU
		{A5C665C7-4294-4F5C-AF52-EDB87BA1C2B4}.Debug|Any CPU.ActiveCfg = Debug|Any CPU
		{A5C665C7-4294-4F5C-AF52-EDB87BA1C2B4}.Debug|Any CPU.Build.0 = Debug|Any CPU
		{A5C665C7-4294-4F5C-AF52-EDB87BA1C2B4}.Release|Any CPU.ActiveCfg = Release|Any CPU
		{A5C665C7-4294-4F5C-AF52-EDB87BA1C2B4}.Release|Any CPU.Build.0 = Release|Any CPU
		{C69E2EF9-1222-4DE4-A997-6AA72A03795D}.Debug|Any CPU.ActiveCfg = Debug|Any CPU
		{C69E2EF9-1222-4DE4-A997-6AA72A03795D}.Debug|Any CPU.Build.0 = Debug|Any CPU
		{C69E2EF9-1222-4DE4-A997-6AA72A03795D}.Release|Any CPU.ActiveCfg = Release|Any CPU
		{C69E2EF9-1222-4DE4-A997-6AA72A03795D}.Release|Any CPU.Build.0 = Release|Any CPU
	EndGlobalSection
	GlobalSection(SolutionProperties) = preSolution
		HideSolutionNode = FALSE
	EndGlobalSection
	GlobalSection(ExtensibilityGlobals) = postSolution
		SolutionGuid = {345F881B-2B1E-441E-8B9F-0CCCF1224C2D}
	EndGlobalSection
EndGlobal
